
Microsoft Visual Studio Solution File, Format Version 12.00
# Visual Studio Version 17
VisualStudioVersion = 17.8.34330.188
MinimumVisualStudioVersion = 10.0.40219.1
Project("{2150E333-8FDC-42A3-9474-1A3956D46DE8}") = "Services", "Services", "{F7F775B1-E31D-4760-B744-34819E57251A}"
EndProject
Project("{2150E333-8FDC-42A3-9474-1A3956D46DE8}") = "Catalog", "Catalog", "{B227C312-F096-4A91-A626-A4BB3EE48DE2}"
EndProject
Project("{FAE04EC0-301F-11D3-BF4B-00C04F79EFBC}") = "FlexBazaar.Catalog", "Services\Catalog\FlexBazaar.Catalog\FlexBazaar.Catalog.csproj", "{0620EC79-E38C-4831-ADE5-324373373536}"
EndProject
Project("{2150E333-8FDC-42A3-9474-1A3956D46DE8}") = "Discount", "Discount", "{B5914EBF-88A4-4717-9BD1-45E079CCE71F}"
EndProject
Project("{FAE04EC0-301F-11D3-BF4B-00C04F79EFBC}") = "FlexBazaar.Discount", "Services\Discount\FlexBazaar.Discount\FlexBazaar.Discount.csproj", "{E8A95C75-EB32-49A2-AC2C-FF7C0A46D63D}"
EndProject
Project("{2150E333-8FDC-42A3-9474-1A3956D46DE8}") = "Order", "Order", "{97DA86AD-A156-49E9-9346-D50BF7A3F031}"
EndProject
Project("{2150E333-8FDC-42A3-9474-1A3956D46DE8}") = "Core", "Core", "{8AC94C52-FD23-42C0-BE7D-457944C1857A}"
EndProject
Project("{2150E333-8FDC-42A3-9474-1A3956D46DE8}") = "Infrastructure", "Infrastructure", "{B82C7318-87F1-4D1E-B916-323CC5F1E818}"
EndProject
Project("{2150E333-8FDC-42A3-9474-1A3956D46DE8}") = "Presentation", "Presentation", "{4495EEBF-B20D-47CF-AE3E-3A95393E9F3E}"
EndProject
Project("{FAE04EC0-301F-11D3-BF4B-00C04F79EFBC}") = "FlexBazaar.Order.Domain", "Services\Order\Core\FlexBazaar.Order.Domain\FlexBazaar.Order.Domain.csproj", "{53FB2E11-CBE5-4548-BA48-040292CE4FFF}"
EndProject
Project("{FAE04EC0-301F-11D3-BF4B-00C04F79EFBC}") = "FlexBazaar.Order.Application", "Services\Order\Core\FlexBazaar.Order.Application\FlexBazaar.Order.Application.csproj", "{0239EDA6-78A9-4F2F-A660-1208DE30EE96}"
EndProject
Project("{FAE04EC0-301F-11D3-BF4B-00C04F79EFBC}") = "FlexBazaar.Order.Persistence", "Services\Order\Infrastructure\FlexBazaar.Order.Persistence\FlexBazaar.Order.Persistence.csproj", "{73878FA6-C1B4-47EF-AACC-DAE042D88555}"
EndProject
Project("{FAE04EC0-301F-11D3-BF4B-00C04F79EFBC}") = "FlexBazaar.Order.WebApi", "Services\Order\Presentation\FlexBazaar.Order.WebApi\FlexBazaar.Order.WebApi.csproj", "{DA66091A-321F-4370-8F41-84A229F209E3}"
EndProject
Project("{2150E333-8FDC-42A3-9474-1A3956D46DE8}") = "IdentityServer", "IdentityServer", "{CA92A2A4-C627-4DD7-9B69-7B291724BC52}"
EndProject
Project("{FAE04EC0-301F-11D3-BF4B-00C04F79EFBC}") = "FlexBazaar.IdentityServer", "IdentityServer\FlexBazaar.IdentityServer\FlexBazaar.IdentityServer.csproj", "{D7BBB0F3-0F8D-4691-98E3-B0F5F6048057}"
EndProject
Project("{2150E333-8FDC-42A3-9474-1A3956D46DE8}") = "Requirements", "Requirements", "{28ADBC1F-FED6-400D-B330-BD1886174057}"
	ProjectSection(SolutionItems) = preProject
		AdminStatisticApiForUI.txt = AdminStatisticApiForUI.txt
		Credit Card.txt = Credit Card.txt
		FontAwesomeLink.txt = FontAwesomeLink.txt
		IdentityServerVersionErrorSolution.txt = IdentityServerVersionErrorSolution.txt
		LoginIndex.txt = LoginIndex.txt
		OcelotCodeExample.txt = OcelotCodeExample.txt
		OcelotLink.txt = OcelotLink.txt
		PortainerCmd.txt = PortainerCmd.txt
		PortNumbers.txt = PortNumbers.txt
		SimpleCode.txt = SimpleCode.txt
		TestController hakkında.txt = TestController hakkında.txt
		user_example.txt = user_example.txt
	EndProjectSection
EndProject
Project("{2150E333-8FDC-42A3-9474-1A3956D46DE8}") = "Cargo", "Cargo", "{21CD6EB5-FF78-4B74-BF46-037C777D7E5D}"
EndProject
Project("{FAE04EC0-301F-11D3-BF4B-00C04F79EFBC}") = "FlexBazaar.Cargo.EntityLayer", "Services\Cargo\FlexBazaar.Cargo.EntityLayer\FlexBazaar.Cargo.EntityLayer.csproj", "{F4B29CAB-65A7-4CDE-A9D1-97AFB907AB53}"
EndProject
Project("{FAE04EC0-301F-11D3-BF4B-00C04F79EFBC}") = "FlexBazaar.Cargo.BusinessLayer", "Services\Cargo\FlexBazaar.Cargo.BusinessLayer\FlexBazaar.Cargo.BusinessLayer.csproj", "{8FDC9EF2-609D-41DD-AE90-ADBFD231E62D}"
EndProject
Project("{FAE04EC0-301F-11D3-BF4B-00C04F79EFBC}") = "FlexBazaar.Cargo.DataAccessLayer", "Services\Cargo\FlexBazaar.Cargo.DataAccessLayer\FlexBazaar.Cargo.DataAccessLayer.csproj", "{024716F3-AE40-46E2-BE77-006576C5EBFA}"
EndProject
Project("{FAE04EC0-301F-11D3-BF4B-00C04F79EFBC}") = "FlexBazaar.Cargo.DtoLayer", "Services\Cargo\FlexBazaar.Cargo.DtoLayer\FlexBazaar.Cargo.DtoLayer.csproj", "{2371BBAE-96BC-49C2-8B39-36D880CD29AC}"
EndProject
Project("{FAE04EC0-301F-11D3-BF4B-00C04F79EFBC}") = "FlexBazaar.Cargo.WebApi", "Services\Cargo\FlexBazaar.Cargo.WebApi\FlexBazaar.Cargo.WebApi.csproj", "{8B258608-5ECC-4E14-8C69-AB4E2D903B8B}"
EndProject
Project("{2150E333-8FDC-42A3-9474-1A3956D46DE8}") = "Basket", "Basket", "{F3C85B6C-E254-4F4F-B667-F86F92D65605}"
EndProject
Project("{FAE04EC0-301F-11D3-BF4B-00C04F79EFBC}") = "FlexBazaar.Basket", "Services\Basket\FlexBazaar.Basket\FlexBazaar.Basket.csproj", "{CE0D7C5F-CBF2-4530-AFF9-614AB3FAADD2}"
EndProject
Project("{2150E333-8FDC-42A3-9474-1A3956D46DE8}") = "Frontends", "Frontends", "{13F08AE1-D21D-4998-A282-6E29AC5AE9F7}"
EndProject
Project("{FAE04EC0-301F-11D3-BF4B-00C04F79EFBC}") = "FlexBazaar.WebUI", "Frontends\FlexBazaar.WebUI\FlexBazaar.WebUI.csproj", "{ED15EC5D-7070-403D-9F1B-DCD580DA6765}"
EndProject
Project("{FAE04EC0-301F-11D3-BF4B-00C04F79EFBC}") = "FlexBazaar.DtoLayer", "Frontends\FlexBazaar.DtoLayer\FlexBazaar.DtoLayer.csproj", "{153B9BF4-1C4D-4216-BE9E-0BE78B79B958}"
EndProject
Project("{2150E333-8FDC-42A3-9474-1A3956D46DE8}") = "Comment", "Comment", "{E9A5433C-4EA4-48EA-B9D2-F87AECAFA173}"
EndProject
Project("{FAE04EC0-301F-11D3-BF4B-00C04F79EFBC}") = "FlexBazaar.Comment", "Services\Comment\FlexBazaar.Comment\FlexBazaar.Comment.csproj", "{DA128756-DFAE-43BE-AF70-7661093F5127}"
EndProject
Project("{2150E333-8FDC-42A3-9474-1A3956D46DE8}") = "ApiGateway", "ApiGateway", "{E1179B74-B6B1-49FC-87FB-109748E13F79}"
EndProject
Project("{2150E333-8FDC-42A3-9474-1A3956D46DE8}") = "RapidApi", "RapidApi", "{8CD73E15-21A3-46AC-A8E8-9FF6FF4BD3D2}"
EndProject
Project("{FAE04EC0-301F-11D3-BF4B-00C04F79EFBC}") = "FlexBazaar.OcelotGateway", "ApiGateway\FlexBazaar.OcelotGateway\FlexBazaar.OcelotGateway.csproj", "{0BD0FAC5-D8B7-4197-8A58-53687441AFD2}"
EndProject
Project("{2150E333-8FDC-42A3-9474-1A3956D46DE8}") = "Payment", "Payment", "{1A926020-9CB1-4988-8630-70FEEF23B53D}"
EndProject
Project("{FAE04EC0-301F-11D3-BF4B-00C04F79EFBC}") = "FlexBazaar.Payment", "Services\Payment\FlexBazaar.Payment\FlexBazaar.Payment.csproj", "{1E9C07E2-7BD3-446A-A327-C1E880205B67}"
EndProject
Project("{2150E333-8FDC-42A3-9474-1A3956D46DE8}") = "Images", "Images", "{AF2CCC44-D589-46DC-A634-3CCEE96F0A5F}"
EndProject
Project("{FAE04EC0-301F-11D3-BF4B-00C04F79EFBC}") = "FlexBazaar.Images", "Services\Images\FlexBazaar.Images\FlexBazaar.Images.csproj", "{86DC6E18-DB2D-46C3-AC54-0FD072061013}"
EndProject
Project("{2150E333-8FDC-42A3-9474-1A3956D46DE8}") = "Message", "Message", "{A3059FFF-2DE4-4FF4-AC3D-4A6B63645286}"
EndProject
Project("{FAE04EC0-301F-11D3-BF4B-00C04F79EFBC}") = "FlexBazaar.Message", "Services\Message\FlexBazaar.Message\FlexBazaar.Message.csproj", "{64CC628E-F4E8-47E8-AD2F-56CAF4C2EDF6}"
EndProject
Global
	GlobalSection(SolutionConfigurationPlatforms) = preSolution
		Debug|Any CPU = Debug|Any CPU
		Release|Any CPU = Release|Any CPU
	EndGlobalSection
	GlobalSection(ProjectConfigurationPlatforms) = postSolution
		{0620EC79-E38C-4831-ADE5-324373373536}.Debug|Any CPU.ActiveCfg = Debug|Any CPU
		{0620EC79-E38C-4831-ADE5-324373373536}.Debug|Any CPU.Build.0 = Debug|Any CPU
		{0620EC79-E38C-4831-ADE5-324373373536}.Release|Any CPU.ActiveCfg = Release|Any CPU
		{0620EC79-E38C-4831-ADE5-324373373536}.Release|Any CPU.Build.0 = Release|Any CPU
		{E8A95C75-EB32-49A2-AC2C-FF7C0A46D63D}.Debug|Any CPU.ActiveCfg = Debug|Any CPU
		{E8A95C75-EB32-49A2-AC2C-FF7C0A46D63D}.Debug|Any CPU.Build.0 = Debug|Any CPU
		{E8A95C75-EB32-49A2-AC2C-FF7C0A46D63D}.Release|Any CPU.ActiveCfg = Release|Any CPU
		{E8A95C75-EB32-49A2-AC2C-FF7C0A46D63D}.Release|Any CPU.Build.0 = Release|Any CPU
		{53FB2E11-CBE5-4548-BA48-040292CE4FFF}.Debug|Any CPU.ActiveCfg = Debug|Any CPU
		{53FB2E11-CBE5-4548-BA48-040292CE4FFF}.Debug|Any CPU.Build.0 = Debug|Any CPU
		{53FB2E11-CBE5-4548-BA48-040292CE4FFF}.Release|Any CPU.ActiveCfg = Release|Any CPU
		{53FB2E11-CBE5-4548-BA48-040292CE4FFF}.Release|Any CPU.Build.0 = Release|Any CPU
		{0239EDA6-78A9-4F2F-A660-1208DE30EE96}.Debug|Any CPU.ActiveCfg = Debug|Any CPU
		{0239EDA6-78A9-4F2F-A660-1208DE30EE96}.Debug|Any CPU.Build.0 = Debug|Any CPU
		{0239EDA6-78A9-4F2F-A660-1208DE30EE96}.Release|Any CPU.ActiveCfg = Release|Any CPU
		{0239EDA6-78A9-4F2F-A660-1208DE30EE96}.Release|Any CPU.Build.0 = Release|Any CPU
		{73878FA6-C1B4-47EF-AACC-DAE042D88555}.Debug|Any CPU.ActiveCfg = Debug|Any CPU
		{73878FA6-C1B4-47EF-AACC-DAE042D88555}.Debug|Any CPU.Build.0 = Debug|Any CPU
		{73878FA6-C1B4-47EF-AACC-DAE042D88555}.Release|Any CPU.ActiveCfg = Release|Any CPU
		{73878FA6-C1B4-47EF-AACC-DAE042D88555}.Release|Any CPU.Build.0 = Release|Any CPU
		{DA66091A-321F-4370-8F41-84A229F209E3}.Debug|Any CPU.ActiveCfg = Debug|Any CPU
		{DA66091A-321F-4370-8F41-84A229F209E3}.Debug|Any CPU.Build.0 = Debug|Any CPU
		{DA66091A-321F-4370-8F41-84A229F209E3}.Release|Any CPU.ActiveCfg = Release|Any CPU
		{DA66091A-321F-4370-8F41-84A229F209E3}.Release|Any CPU.Build.0 = Release|Any CPU
		{D7BBB0F3-0F8D-4691-98E3-B0F5F6048057}.Debug|Any CPU.ActiveCfg = Debug|Any CPU
		{D7BBB0F3-0F8D-4691-98E3-B0F5F6048057}.Debug|Any CPU.Build.0 = Debug|Any CPU
		{D7BBB0F3-0F8D-4691-98E3-B0F5F6048057}.Release|Any CPU.ActiveCfg = Release|Any CPU
		{D7BBB0F3-0F8D-4691-98E3-B0F5F6048057}.Release|Any CPU.Build.0 = Release|Any CPU
		{F4B29CAB-65A7-4CDE-A9D1-97AFB907AB53}.Debug|Any CPU.ActiveCfg = Debug|Any CPU
		{F4B29CAB-65A7-4CDE-A9D1-97AFB907AB53}.Debug|Any CPU.Build.0 = Debug|Any CPU
		{F4B29CAB-65A7-4CDE-A9D1-97AFB907AB53}.Release|Any CPU.ActiveCfg = Release|Any CPU
		{F4B29CAB-65A7-4CDE-A9D1-97AFB907AB53}.Release|Any CPU.Build.0 = Release|Any CPU
		{8FDC9EF2-609D-41DD-AE90-ADBFD231E62D}.Debug|Any CPU.ActiveCfg = Debug|Any CPU
		{8FDC9EF2-609D-41DD-AE90-ADBFD231E62D}.Debug|Any CPU.Build.0 = Debug|Any CPU
		{8FDC9EF2-609D-41DD-AE90-ADBFD231E62D}.Release|Any CPU.ActiveCfg = Release|Any CPU
		{8FDC9EF2-609D-41DD-AE90-ADBFD231E62D}.Release|Any CPU.Build.0 = Release|Any CPU
		{024716F3-AE40-46E2-BE77-006576C5EBFA}.Debug|Any CPU.ActiveCfg = Debug|Any CPU
		{024716F3-AE40-46E2-BE77-006576C5EBFA}.Debug|Any CPU.Build.0 = Debug|Any CPU
		{024716F3-AE40-46E2-BE77-006576C5EBFA}.Release|Any CPU.ActiveCfg = Release|Any CPU
		{024716F3-AE40-46E2-BE77-006576C5EBFA}.Release|Any CPU.Build.0 = Release|Any CPU
		{2371BBAE-96BC-49C2-8B39-36D880CD29AC}.Debug|Any CPU.ActiveCfg = Debug|Any CPU
		{2371BBAE-96BC-49C2-8B39-36D880CD29AC}.Debug|Any CPU.Build.0 = Debug|Any CPU
		{2371BBAE-96BC-49C2-8B39-36D880CD29AC}.Release|Any CPU.ActiveCfg = Release|Any CPU
		{2371BBAE-96BC-49C2-8B39-36D880CD29AC}.Release|Any CPU.Build.0 = Release|Any CPU
		{8B258608-5ECC-4E14-8C69-AB4E2D903B8B}.Debug|Any CPU.ActiveCfg = Debug|Any CPU
		{8B258608-5ECC-4E14-8C69-AB4E2D903B8B}.Debug|Any CPU.Build.0 = Debug|Any CPU
		{8B258608-5ECC-4E14-8C69-AB4E2D903B8B}.Release|Any CPU.ActiveCfg = Release|Any CPU
		{8B258608-5ECC-4E14-8C69-AB4E2D903B8B}.Release|Any CPU.Build.0 = Release|Any CPU
		{CE0D7C5F-CBF2-4530-AFF9-614AB3FAADD2}.Debug|Any CPU.ActiveCfg = Debug|Any CPU
		{CE0D7C5F-CBF2-4530-AFF9-614AB3FAADD2}.Debug|Any CPU.Build.0 = Debug|Any CPU
		{CE0D7C5F-CBF2-4530-AFF9-614AB3FAADD2}.Release|Any CPU.ActiveCfg = Release|Any CPU
		{CE0D7C5F-CBF2-4530-AFF9-614AB3FAADD2}.Release|Any CPU.Build.0 = Release|Any CPU
		{ED15EC5D-7070-403D-9F1B-DCD580DA6765}.Debug|Any CPU.ActiveCfg = Debug|Any CPU
		{ED15EC5D-7070-403D-9F1B-DCD580DA6765}.Debug|Any CPU.Build.0 = Debug|Any CPU
		{ED15EC5D-7070-403D-9F1B-DCD580DA6765}.Release|Any CPU.ActiveCfg = Release|Any CPU
		{ED15EC5D-7070-403D-9F1B-DCD580DA6765}.Release|Any CPU.Build.0 = Release|Any CPU
		{153B9BF4-1C4D-4216-BE9E-0BE78B79B958}.Debug|Any CPU.ActiveCfg = Debug|Any CPU
		{153B9BF4-1C4D-4216-BE9E-0BE78B79B958}.Debug|Any CPU.Build.0 = Debug|Any CPU
		{153B9BF4-1C4D-4216-BE9E-0BE78B79B958}.Release|Any CPU.ActiveCfg = Release|Any CPU
		{153B9BF4-1C4D-4216-BE9E-0BE78B79B958}.Release|Any CPU.Build.0 = Release|Any CPU
		{DA128756-DFAE-43BE-AF70-7661093F5127}.Debug|Any CPU.ActiveCfg = Debug|Any CPU
		{DA128756-DFAE-43BE-AF70-7661093F5127}.Debug|Any CPU.Build.0 = Debug|Any CPU
		{DA128756-DFAE-43BE-AF70-7661093F5127}.Release|Any CPU.ActiveCfg = Release|Any CPU
		{DA128756-DFAE-43BE-AF70-7661093F5127}.Release|Any CPU.Build.0 = Release|Any CPU
		{0BD0FAC5-D8B7-4197-8A58-53687441AFD2}.Debug|Any CPU.ActiveCfg = Debug|Any CPU
		{0BD0FAC5-D8B7-4197-8A58-53687441AFD2}.Debug|Any CPU.Build.0 = Debug|Any CPU
		{0BD0FAC5-D8B7-4197-8A58-53687441AFD2}.Release|Any CPU.ActiveCfg = Release|Any CPU
		{0BD0FAC5-D8B7-4197-8A58-53687441AFD2}.Release|Any CPU.Build.0 = Release|Any CPU
		{1E9C07E2-7BD3-446A-A327-C1E880205B67}.Debug|Any CPU.ActiveCfg = Debug|Any CPU
		{1E9C07E2-7BD3-446A-A327-C1E880205B67}.Debug|Any CPU.Build.0 = Debug|Any CPU
		{1E9C07E2-7BD3-446A-A327-C1E880205B67}.Release|Any CPU.ActiveCfg = Release|Any CPU
		{1E9C07E2-7BD3-446A-A327-C1E880205B67}.Release|Any CPU.Build.0 = Release|Any CPU
		{86DC6E18-DB2D-46C3-AC54-0FD072061013}.Debug|Any CPU.ActiveCfg = Debug|Any CPU
		{86DC6E18-DB2D-46C3-AC54-0FD072061013}.Debug|Any CPU.Build.0 = Debug|Any CPU
		{86DC6E18-DB2D-46C3-AC54-0FD072061013}.Release|Any CPU.ActiveCfg = Release|Any CPU
		{86DC6E18-DB2D-46C3-AC54-0FD072061013}.Release|Any CPU.Build.0 = Release|Any CPU
		{64CC628E-F4E8-47E8-AD2F-56CAF4C2EDF6}.Debug|Any CPU.ActiveCfg = Debug|Any CPU
		{64CC628E-F4E8-47E8-AD2F-56CAF4C2EDF6}.Debug|Any CPU.Build.0 = Debug|Any CPU
		{64CC628E-F4E8-47E8-AD2F-56CAF4C2EDF6}.Release|Any CPU.ActiveCfg = Release|Any CPU
		{64CC628E-F4E8-47E8-AD2F-56CAF4C2EDF6}.Release|Any CPU.Build.0 = Release|Any CPU
	EndGlobalSection
	GlobalSection(SolutionProperties) = preSolution
		HideSolutionNode = FALSE
	EndGlobalSection
	GlobalSection(NestedProjects) = preSolution
		{B227C312-F096-4A91-A626-A4BB3EE48DE2} = {F7F775B1-E31D-4760-B744-34819E57251A}
		{0620EC79-E38C-4831-ADE5-324373373536} = {B227C312-F096-4A91-A626-A4BB3EE48DE2}
		{B5914EBF-88A4-4717-9BD1-45E079CCE71F} = {F7F775B1-E31D-4760-B744-34819E57251A}
		{E8A95C75-EB32-49A2-AC2C-FF7C0A46D63D} = {B5914EBF-88A4-4717-9BD1-45E079CCE71F}
		{97DA86AD-A156-49E9-9346-D50BF7A3F031} = {F7F775B1-E31D-4760-B744-34819E57251A}
		{8AC94C52-FD23-42C0-BE7D-457944C1857A} = {97DA86AD-A156-49E9-9346-D50BF7A3F031}
		{B82C7318-87F1-4D1E-B916-323CC5F1E818} = {97DA86AD-A156-49E9-9346-D50BF7A3F031}
		{4495EEBF-B20D-47CF-AE3E-3A95393E9F3E} = {97DA86AD-A156-49E9-9346-D50BF7A3F031}
		{53FB2E11-CBE5-4548-BA48-040292CE4FFF} = {8AC94C52-FD23-42C0-BE7D-457944C1857A}
		{0239EDA6-78A9-4F2F-A660-1208DE30EE96} = {8AC94C52-FD23-42C0-BE7D-457944C1857A}
		{73878FA6-C1B4-47EF-AACC-DAE042D88555} = {B82C7318-87F1-4D1E-B916-323CC5F1E818}
		{DA66091A-321F-4370-8F41-84A229F209E3} = {4495EEBF-B20D-47CF-AE3E-3A95393E9F3E}
		{D7BBB0F3-0F8D-4691-98E3-B0F5F6048057} = {CA92A2A4-C627-4DD7-9B69-7B291724BC52}
		{21CD6EB5-FF78-4B74-BF46-037C777D7E5D} = {F7F775B1-E31D-4760-B744-34819E57251A}
		{F4B29CAB-65A7-4CDE-A9D1-97AFB907AB53} = {21CD6EB5-FF78-4B74-BF46-037C777D7E5D}
		{8FDC9EF2-609D-41DD-AE90-ADBFD231E62D} = {21CD6EB5-FF78-4B74-BF46-037C777D7E5D}
		{024716F3-AE40-46E2-BE77-006576C5EBFA} = {21CD6EB5-FF78-4B74-BF46-037C777D7E5D}
		{2371BBAE-96BC-49C2-8B39-36D880CD29AC} = {21CD6EB5-FF78-4B74-BF46-037C777D7E5D}
		{8B258608-5ECC-4E14-8C69-AB4E2D903B8B} = {21CD6EB5-FF78-4B74-BF46-037C777D7E5D}
		{F3C85B6C-E254-4F4F-B667-F86F92D65605} = {F7F775B1-E31D-4760-B744-34819E57251A}
		{CE0D7C5F-CBF2-4530-AFF9-614AB3FAADD2} = {F3C85B6C-E254-4F4F-B667-F86F92D65605}
		{ED15EC5D-7070-403D-9F1B-DCD580DA6765} = {13F08AE1-D21D-4998-A282-6E29AC5AE9F7}
		{153B9BF4-1C4D-4216-BE9E-0BE78B79B958} = {13F08AE1-D21D-4998-A282-6E29AC5AE9F7}
		{E9A5433C-4EA4-48EA-B9D2-F87AECAFA173} = {F7F775B1-E31D-4760-B744-34819E57251A}
		{DA128756-DFAE-43BE-AF70-7661093F5127} = {E9A5433C-4EA4-48EA-B9D2-F87AECAFA173}
		{0BD0FAC5-D8B7-4197-8A58-53687441AFD2} = {E1179B74-B6B1-49FC-87FB-109748E13F79}
		{1A926020-9CB1-4988-8630-70FEEF23B53D} = {F7F775B1-E31D-4760-B744-34819E57251A}
		{1E9C07E2-7BD3-446A-A327-C1E880205B67} = {1A926020-9CB1-4988-8630-70FEEF23B53D}
		{AF2CCC44-D589-46DC-A634-3CCEE96F0A5F} = {F7F775B1-E31D-4760-B744-34819E57251A}
		{86DC6E18-DB2D-46C3-AC54-0FD072061013} = {AF2CCC44-D589-46DC-A634-3CCEE96F0A5F}
		{A3059FFF-2DE4-4FF4-AC3D-4A6B63645286} = {F7F775B1-E31D-4760-B744-34819E57251A}
		{64CC628E-F4E8-47E8-AD2F-56CAF4C2EDF6} = {A3059FFF-2DE4-4FF4-AC3D-4A6B63645286}
	EndGlobalSection
	GlobalSection(ExtensibilityGlobals) = postSolution
		SolutionGuid = {FA159D74-788F-47B9-92B9-E3AAF814AE91}
	EndGlobalSection
EndGlobal
